schema: '2.0'
stages:
  data_ingestion:
    cmd: python src/CNNclassifier/pipeline/stage_01_data_ingestion.py
    deps:
    - path: config/config.yaml
      hash: md5
      md5: 5f470b284c9c5ed495cb940cc87c8a85
      size: 730
    - path: src/CNNclassifier/pipeline/stage_01_data_ingestion.py
      hash: md5
      md5: d4db771420b52e6039b87d77f5a5dc15
      size: 1024
    outs:
    - path: artifacts/data_ingestion/Indian Currency
      hash: md5
      md5: a64f403481c037dc2412bf542bd07b4d.dir
      size: 23013990
      nfiles: 1786
  prepare_base_model:
    cmd: python src/CNNclassifier/pipeline/stage_02_prepare_base_model.py
    deps:
    - path: config/config.yaml
      hash: md5
      md5: 5f470b284c9c5ed495cb940cc87c8a85
      size: 730
    - path: src/CNNclassifier/pipeline/stage_02_prepare_base_model.py
      hash: md5
      md5: a6e603075590f3d16eff1247a4689035
      size: 1059
    params:
      params.yaml:
        CLASSES: 7
        IMAGE_SIZE:
        - 300
        - 300
        - 3
    outs:
    - path: artifacts/prepare_base_model
      hash: md5
      md5: b530619ee65269f9b8ac339995c03e92.dir
      size: 4605632
      nfiles: 1
  training:
    cmd: python src/CNNclassifier/pipeline/stage_03_training.py
    deps:
    - path: artifacts/data_ingestion/Indian Currency
      hash: md5
      md5: a64f403481c037dc2412bf542bd07b4d.dir
      size: 23013990
      nfiles: 1786
    - path: artifacts/prepare_base_model
      hash: md5
      md5: b530619ee65269f9b8ac339995c03e92.dir
      size: 4605632
      nfiles: 1
    - path: config/config.yaml
      hash: md5
      md5: 5f470b284c9c5ed495cb940cc87c8a85
      size: 730
    - path: src/CNNclassifier/components/prepare_callback.py
      hash: md5
      md5: ad32377c5cb384f45136e0f98097e94b
      size: 942
    - path: src/CNNclassifier/pipeline/stage_03_training.py
      hash: md5
      md5: 80e6d2bf445ce55f9598dda319443669
      size: 1232
    params:
      params.yaml:
        AUGMENTATION: true
        BATCH_SIZE: 32
        EPOCHS: 50
        IMAGE_SIZE:
        - 300
        - 300
        - 3
    outs:
    - path: artifacts/training/model.h5
      hash: md5
      md5: 4252a5debb5f30f17fcc20076818a2f1
      size: 13772400
  evaluation:
    cmd: python src/CNNclassifier/pipeline/stage_04_evaluation.py
    deps:
    - path: artifacts/data_ingestion/Indian Currency
      hash: md5
      md5: a64f403481c037dc2412bf542bd07b4d.dir
      size: 23013990
      nfiles: 1786
    - path: artifacts/training/model.h5
      hash: md5
      md5: 4252a5debb5f30f17fcc20076818a2f1
      size: 13772400
    - path: config/config.yaml
      hash: md5
      md5: 5f470b284c9c5ed495cb940cc87c8a85
      size: 730
    - path: src/CNNclassifier/pipeline/stage_04_evaluation.py
      hash: md5
      md5: bb147289424f6afd083287c0d1bac0cf
      size: 872
    params:
      params.yaml:
        BATCH_SIZE: 32
        IMAGE_SIZE:
        - 300
        - 300
        - 3
    outs:
    - path: scores.json
      hash: md5
      md5: ecf84dcccc8277b58c90ce60479c287f
      size: 73
